{
  "lockfileVersion": 1,
  "workspaces": {
    "": {
      "dependencies": {
        "@types/jquery": "^3.5.33",
        "jquery": "^3.7.0",
      },
      "devDependencies": {
        "@types/chrome": "^0.1.4",
      },
    },
  },
  "packages": {
    "@types/chrome": ["@types/chrome@0.1.4", "", { "dependencies": { "@types/filesystem": "*", "@types/har-format": "*" } }, "sha512-vfISO7SPppN3OKVUqWujtZ4vux3nhDqKaHYEHgfQuPARHuWJ3jjyc1s13H0ckzEc86/neTkCl1TeW72UK6jYKA=="],

    "@types/filesystem": ["@types/filesystem@0.0.36", "", { "dependencies": { "@types/filewriter": "*" } }, "sha512-vPDXOZuannb9FZdxgHnqSwAG/jvdGM8Wq+6N4D/d80z+D4HWH+bItqsZaVRQykAn6WEVeEkLm2oQigyHtgb0RA=="],

    "@types/filewriter": ["@types/filewriter@0.0.33", "", {}, "sha512-xFU8ZXTw4gd358lb2jw25nxY9QAgqn2+bKKjKOYfNCzN4DKCFetK7sPtrlpg66Ywe3vWY9FNxprZawAh9wfJ3g=="],

    "@types/har-format": ["@types/har-format@1.2.16", "", {}, "sha512-fluxdy7ryD3MV6h8pTfTYpy/xQzCFC7m89nOH9y94cNqJ1mDIDPut7MnRHI3F6qRmh/cT2fUjG1MLdCNb4hE9A=="],

    "@types/jquery": ["@types/jquery@3.5.33", "", { "dependencies": { "@types/sizzle": "*" } }, "sha512-SeyVJXlCZpEki5F0ghuYe+L+PprQta6nRZqhONt9F13dWBtR/ftoaIbdRQ7cis7womE+X2LKhsDdDtkkDhJS6g=="],

    "@types/sizzle": ["@types/sizzle@2.3.3", "", {}, "sha512-JYM8x9EGF163bEyhdJBpR2QX1R5naCJHC8ucJylJ3w9/CVBaskdQ8WqBf8MmQrd1kRvp/a4TS8HJ+bxzR7ZJYQ=="],

    "jquery": ["jquery@3.7.0", "", {}, "sha512-umpJ0/k8X0MvD1ds0P9SfowREz2LenHsQaxSohMZ5OMNEU2r0tf8pdeEFTHMFxWVxKNyU9rTtK3CWzUCTKJUeQ=="],
  }
}
